
Microsoft Visual Studio Solution File, Format Version 12.00
# Visual Studio Version 17
VisualStudioVersion = 17.9.34714.143
MinimumVisualStudioVersion = 10.0.40219.1
Project("{9A19103F-16F7-4668-BE54-9A1E7A4F7556}") = "DevFreela.API", "DevFreela.API\DevFreela.API.csproj", "{5FB93A88-EA70-4875-9FF7-84791D9DFE56}"
EndProject
Project("{FAE04EC0-301F-11D3-BF4B-00C04F79EFBC}") = "DevFreela.Core", "DevFreela.Core\DevFreela.Core.csproj", "{522535AA-2412-41C5-B6B5-7260253C1C34}"
EndProject
Project("{FAE04EC0-301F-11D3-BF4B-00C04F79EFBC}") = "DevFreela.Infrastructure", "DevFreela.Infrastructure\DevFreela.Infrastructure.csproj", "{6B757467-53A7-43E9-8B89-0538C188B05C}"
EndProject
Project("{FAE04EC0-301F-11D3-BF4B-00C04F79EFBC}") = "DevFreela.Application", "DevFreela.Application\DevFreela.Application.csproj", "{AE1F3F74-BE64-4826-80B3-618B86677F07}"
EndProject
Global
	GlobalSection(SolutionConfigurationPlatforms) = preSolution
		Debug|Any CPU = Debug|Any CPU
		Release|Any CPU = Release|Any CPU
	EndGlobalSection
	GlobalSection(ProjectConfigurationPlatforms) = postSolution
		{5FB93A88-EA70-4875-9FF7-84791D9DFE56}.Debug|Any CPU.ActiveCfg = Debug|Any CPU
		{5FB93A88-EA70-4875-9FF7-84791D9DFE56}.Debug|Any CPU.Build.0 = Debug|Any CPU
		{5FB93A88-EA70-4875-9FF7-84791D9DFE56}.Release|Any CPU.ActiveCfg = Release|Any CPU
		{5FB93A88-EA70-4875-9FF7-84791D9DFE56}.Release|Any CPU.Build.0 = Release|Any CPU
		{522535AA-2412-41C5-B6B5-7260253C1C34}.Debug|Any CPU.ActiveCfg = Debug|Any CPU
		{522535AA-2412-41C5-B6B5-7260253C1C34}.Debug|Any CPU.Build.0 = Debug|Any CPU
		{522535AA-2412-41C5-B6B5-7260253C1C34}.Release|Any CPU.ActiveCfg = Release|Any CPU
		{522535AA-2412-41C5-B6B5-7260253C1C34}.Release|Any CPU.Build.0 = Release|Any CPU
		{6B757467-53A7-43E9-8B89-0538C188B05C}.Debug|Any CPU.ActiveCfg = Debug|Any CPU
		{6B757467-53A7-43E9-8B89-0538C188B05C}.Debug|Any CPU.Build.0 = Debug|Any CPU
		{6B757467-53A7-43E9-8B89-0538C188B05C}.Release|Any CPU.ActiveCfg = Release|Any CPU
		{6B757467-53A7-43E9-8B89-0538C188B05C}.Release|Any CPU.Build.0 = Release|Any CPU
		{AE1F3F74-BE64-4826-80B3-618B86677F07}.Debug|Any CPU.ActiveCfg = Debug|Any CPU
		{AE1F3F74-BE64-4826-80B3-618B86677F07}.Debug|Any CPU.Build.0 = Debug|Any CPU
		{AE1F3F74-BE64-4826-80B3-618B86677F07}.Release|Any CPU.ActiveCfg = Release|Any CPU
		{AE1F3F74-BE64-4826-80B3-618B86677F07}.Release|Any CPU.Build.0 = Release|Any CPU
	EndGlobalSection
	GlobalSection(SolutionProperties) = preSolution
		HideSolutionNode = FALSE
	EndGlobalSection
	GlobalSection(ExtensibilityGlobals) = postSolution
		SolutionGuid = {10D6181F-A784-4324-9BA6-B6100228C998}
	EndGlobalSection
EndGlobal
